
Microsoft Visual Studio Solution File, Format Version 12.00
# RemObjects Fire
Project("{656346D9-4656-40DA-A068-22D5425D4639}") = "LGPlusApp", "LGPlusApp.elements", "{6BCAE525-51C9-400E-B04B-6862CAB3A44B}"
EndProject
Global
	GlobalSection(SolutionConfigurationPlatforms) = preSolution
		Debug|AnyCPU = Debug|AnyCPU
		Release|AnyCPU = Release|AnyCPU
	EndGlobalSection
	GlobalSection(ProjectConfigurationPlatforms) = postSolution
		{6BCAE525-51C9-400E-B04B-6862CAB3A44B}.Debug|AnyCPU.ActiveCfg = Debug|AnyCPU
		{6BCAE525-51C9-400E-B04B-6862CAB3A44B}.Debug|AnyCPU.Build.0 = Debug|AnyCPU
		{6BCAE525-51C9-400E-B04B-6862CAB3A44B}.Release|AnyCPU.ActiveCfg = Release|AnyCPU
		{6BCAE525-51C9-400E-B04B-6862CAB3A44B}.Release|AnyCPU.Build.0 = Release|AnyCPU
	EndGlobalSection
	GlobalSection(SolutionProperties) = preSolution
		HideSolutionNode = FALSE
	EndGlobalSection
EndGlobal